
Microsoft Visual Studio Solution File, Format Version 12.00
# Visual Studio Version 16
VisualStudioVersion = 16.0.28407.52
MinimumVisualStudioVersion = 10.0.40219.1
Project("{9A19103F-16F7-4668-BE54-9A1E7A4F7556}") = "NuGetProxy", "NuGetProxy\NuGetProxy.csproj", "{CBF36FB7-6425-4A60-98B4-EB3E3B1D8A7E}"
EndProject
Project("{FAE04EC0-301F-11D3-BF4B-00C04F79EFBC}") = "NuGet.Proxy", "NuGet.Proxy\NuGet.Proxy.csproj", "{9973B8EA-1FD9-4E72-BD8F-D643386FF5CB}"
EndProject
Global
	GlobalSection(SolutionConfigurationPlatforms) = preSolution
		Debug|Any CPU = Debug|Any CPU
		Release|Any CPU = Release|Any CPU
	EndGlobalSection
	GlobalSection(ProjectConfigurationPlatforms) = postSolution
		{CBF36FB7-6425-4A60-98B4-EB3E3B1D8A7E}.Debug|Any CPU.ActiveCfg = Debug|Any CPU
		{CBF36FB7-6425-4A60-98B4-EB3E3B1D8A7E}.Debug|Any CPU.Build.0 = Debug|Any CPU
		{CBF36FB7-6425-4A60-98B4-EB3E3B1D8A7E}.Release|Any CPU.ActiveCfg = Release|Any CPU
		{CBF36FB7-6425-4A60-98B4-EB3E3B1D8A7E}.Release|Any CPU.Build.0 = Release|Any CPU
		{9973B8EA-1FD9-4E72-BD8F-D643386FF5CB}.Debug|Any CPU.ActiveCfg = Debug|Any CPU
		{9973B8EA-1FD9-4E72-BD8F-D643386FF5CB}.Debug|Any CPU.Build.0 = Debug|Any CPU
		{9973B8EA-1FD9-4E72-BD8F-D643386FF5CB}.Release|Any CPU.ActiveCfg = Release|Any CPU
		{9973B8EA-1FD9-4E72-BD8F-D643386FF5CB}.Release|Any CPU.Build.0 = Release|Any CPU
	EndGlobalSection
	GlobalSection(SolutionProperties) = preSolution
		HideSolutionNode = FALSE
	EndGlobalSection
	GlobalSection(ExtensibilityGlobals) = postSolution
		SolutionGuid = {EEFA3225-EBF2-4974-BF98-4A52EB434591}
	EndGlobalSection
EndGlobal
